
Microsoft Visual Studio Solution File, Format Version 12.00
# Visual Studio Version 16
VisualStudioVersion = 16.0.30523.141
MinimumVisualStudioVersion = 10.0.40219.1
Project("{FAE04EC0-301F-11D3-BF4B-00C04F79EFBC}") = "Bodea_Denis_Lab8", "Bodea_Denis_Lab8.csproj", "{CA61D9F9-606B-4F01-AB4A-A80C6EFDB75E}"
EndProject
Global
	GlobalSection(SolutionConfigurationPlatforms) = preSolution
		Debug|Any CPU = Debug|Any CPU
		Release|Any CPU = Release|Any CPU
	EndGlobalSection
	GlobalSection(ProjectConfigurationPlatforms) = postSolution
		{CA61D9F9-606B-4F01-AB4A-A80C6EFDB75E}.Debug|Any CPU.ActiveCfg = Debug|Any CPU
		{CA61D9F9-606B-4F01-AB4A-A80C6EFDB75E}.Debug|Any CPU.Build.0 = Debug|Any CPU
		{CA61D9F9-606B-4F01-AB4A-A80C6EFDB75E}.Release|Any CPU.ActiveCfg = Release|Any CPU
		{CA61D9F9-606B-4F01-AB4A-A80C6EFDB75E}.Release|Any CPU.Build.0 = Release|Any CPU
	EndGlobalSection
	GlobalSection(SolutionProperties) = preSolution
		HideSolutionNode = FALSE
	EndGlobalSection
	GlobalSection(ExtensibilityGlobals) = postSolution
		SolutionGuid = {DFF3EE5E-D778-455C-9834-C8B5CAAEDBC6}
	EndGlobalSection
EndGlobal
